
Microsoft Visual Studio Solution File, Format Version 12.00
# Visual Studio Version 17
VisualStudioVersion = 17.4.33213.308
MinimumVisualStudioVersion = 10.0.40219.1
Project("{FAE04EC0-301F-11D3-BF4B-00C04F79EFBC}") = "CapaPresentacion", "CapaPresentacion.csproj", "{1ED32289-99B9-4423-AABA-F6CDF144F4A0}"
EndProject
Project("{FAE04EC0-301F-11D3-BF4B-00C04F79EFBC}") = "CapaNegocios", "..\CapaNegocios\CapaNegocios.csproj", "{835A8AA9-35DE-4CBB-B35A-A598EDDD7675}"
EndProject
Project("{FAE04EC0-301F-11D3-BF4B-00C04F79EFBC}") = "CapaDatos", "..\CapaDatos\CapaDatos.csproj", "{D1E7925D-5C6D-4F9C-9ECF-1E50A8FD8214}"
EndProject
Global
	GlobalSection(SolutionConfigurationPlatforms) = preSolution
		Debug|Any CPU = Debug|Any CPU
		Release|Any CPU = Release|Any CPU
	EndGlobalSection
	GlobalSection(ProjectConfigurationPlatforms) = postSolution
		{1ED32289-99B9-4423-AABA-F6CDF144F4A0}.Debug|Any CPU.ActiveCfg = Debug|Any CPU
		{1ED32289-99B9-4423-AABA-F6CDF144F4A0}.Debug|Any CPU.Build.0 = Debug|Any CPU
		{1ED32289-99B9-4423-AABA-F6CDF144F4A0}.Release|Any CPU.ActiveCfg = Release|Any CPU
		{1ED32289-99B9-4423-AABA-F6CDF144F4A0}.Release|Any CPU.Build.0 = Release|Any CPU
		{835A8AA9-35DE-4CBB-B35A-A598EDDD7675}.Debug|Any CPU.ActiveCfg = Debug|Any CPU
		{835A8AA9-35DE-4CBB-B35A-A598EDDD7675}.Debug|Any CPU.Build.0 = Debug|Any CPU
		{835A8AA9-35DE-4CBB-B35A-A598EDDD7675}.Release|Any CPU.ActiveCfg = Release|Any CPU
		{835A8AA9-35DE-4CBB-B35A-A598EDDD7675}.Release|Any CPU.Build.0 = Release|Any CPU
		{D1E7925D-5C6D-4F9C-9ECF-1E50A8FD8214}.Debug|Any CPU.ActiveCfg = Debug|Any CPU
		{D1E7925D-5C6D-4F9C-9ECF-1E50A8FD8214}.Debug|Any CPU.Build.0 = Debug|Any CPU
		{D1E7925D-5C6D-4F9C-9ECF-1E50A8FD8214}.Release|Any CPU.ActiveCfg = Release|Any CPU
		{D1E7925D-5C6D-4F9C-9ECF-1E50A8FD8214}.Release|Any CPU.Build.0 = Release|Any CPU
	EndGlobalSection
	GlobalSection(SolutionProperties) = preSolution
		HideSolutionNode = FALSE
	EndGlobalSection
	GlobalSection(ExtensibilityGlobals) = postSolution
		SolutionGuid = {C73C866D-1D85-4205-AF3C-9A01B84B251D}
	EndGlobalSection
EndGlobal
